PODS:
  - Alamofire (3.5.1)
  - GoogleMaps (1.13.0)
  - SwiftyJSON (2.3.2)

DEPENDENCIES:
  - Alamofire (~> 3.0)
  - GoogleMaps
  - SwiftyJSON

SPEC CHECKSUMS:
  Alamofire: 0dfba1184a543e2aa160f4e39cac4e8aba48d223
  GoogleMaps: 7a6caeb8336d7cb42982e969fc9b1b20a889fe79
  SwiftyJSON: 04ccea08915aa0109039157c7974cf0298da292a

PODFILE CHECKSUM: 7af544f1c79a6797b4053e510c535f538df56ba2

COCOAPODS: 1.1.1
